
Microsoft Visual Studio Solution File, Format Version 12.00
# Visual Studio Version 16
VisualStudioVersion = 16.0.31515.178
MinimumVisualStudioVersion = 10.0.40219.1
Project("{FAE04EC0-301F-11D3-BF4B-00C04F79EFBC}") = "ApiCatalogoJogos", "ApiCatalogoJogos.csproj", "{BACFC4D6-6AE4-4DDD-A629-E6C7E708178C}"
EndProject
Global
	GlobalSection(SolutionConfigurationPlatforms) = preSolution
		Debug|Any CPU = Debug|Any CPU
		Release|Any CPU = Release|Any CPU
	EndGlobalSection
	GlobalSection(ProjectConfigurationPlatforms) = postSolution
		{BACFC4D6-6AE4-4DDD-A629-E6C7E708178C}.Debug|Any CPU.ActiveCfg = Debug|Any CPU
		{BACFC4D6-6AE4-4DDD-A629-E6C7E708178C}.Debug|Any CPU.Build.0 = Debug|Any CPU
		{BACFC4D6-6AE4-4DDD-A629-E6C7E708178C}.Release|Any CPU.ActiveCfg = Release|Any CPU
		{BACFC4D6-6AE4-4DDD-A629-E6C7E708178C}.Release|Any CPU.Build.0 = Release|Any CPU
	EndGlobalSection
	GlobalSection(SolutionProperties) = preSolution
		HideSolutionNode = FALSE
	EndGlobalSection
	GlobalSection(ExtensibilityGlobals) = postSolution
		SolutionGuid = {8CD840EF-ACC7-4567-B18C-1D40C79E1A32}
	EndGlobalSection
EndGlobal
